// !$*UTF8*$!
{
	archiveVersion = 1;
	classes = {
	};
	objectVersion = 50;
	objects = {

/* Begin PBXBuildFile section */
		C9398A9424A1BE8D00C16056 /* AppDelegate.swift in Sources */ = {isa = PBXBuildFile; fileRef = C9398A9324A1BE8D00C16056 /* AppDelegate.swift */; };
		C9398A9624A1BE8D00C16056 /* SceneDelegate.swift in Sources */ = {isa = PBXBuildFile; fileRef = C9398A9524A1BE8D00C16056 /* SceneDelegate.swift */; };
		C9398A9824A1BE8D00C16056 /* iDStadiumViewController.swift in Sources */ = {isa = PBXBuildFile; fileRef = C9398A9724A1BE8D00C16056 /* iDStadiumViewController.swift */; };
		C9398A9B24A1BE8D00C16056 /* Main.storyboard in Resources */ = {isa = PBXBuildFile; fileRef = C9398A9924A1BE8D00C16056 /* Main.storyboard */; };
		C9398A9D24A1BE8E00C16056 /* Assets.xcassets in Resources */ = {isa = PBXBuildFile; fileRef = C9398A9C24A1BE8E00C16056 /* Assets.xcassets */; };
		C95168E124A373C200C78CE4 /* StadiumDummy.swift in Sources */ = {isa = PBXBuildFile; fileRef = C95168E024A373C200C78CE4 /* StadiumDummy.swift */; };
		C95168E424A3812E00C78CE4 /* StadiumViewCell.swift in Sources */ = {isa = PBXBuildFile; fileRef = C95168E224A3812E00C78CE4 /* StadiumViewCell.swift */; };
		C95168E524A3812E00C78CE4 /* StadiumViewCell.xib in Resources */ = {isa = PBXBuildFile; fileRef = C95168E324A3812E00C78CE4 /* StadiumViewCell.xib */; };
		C95168EC24A3967500C78CE4 /* DetailiDStadiumViewController.swift in Sources */ = {isa = PBXBuildFile; fileRef = C95168EA24A3967500C78CE4 /* DetailiDStadiumViewController.swift */; };
		C95168ED24A3967500C78CE4 /* DetailiDStadiumViewController.xib in Resources */ = {isa = PBXBuildFile; fileRef = C95168EB24A3967500C78CE4 /* DetailiDStadiumViewController.xib */; };
		C95168F024A4985F00C78CE4 /* ProfileViewController.swift in Sources */ = {isa = PBXBuildFile; fileRef = C95168EE24A4985F00C78CE4 /* ProfileViewController.swift */; };
		C95168F124A4985F00C78CE4 /* ProfileViewController.xib in Resources */ = {isa = PBXBuildFile; fileRef = C95168EF24A4985F00C78CE4 /* ProfileViewController.xib */; };
		C95168F324A4C69900C78CE4 /* README.md in Resources */ = {isa = PBXBuildFile; fileRef = C95168F224A4C69900C78CE4 /* README.md */; };
		C95168F524A4C83600C78CE4 /* iDStadium1.gif in Resources */ = {isa = PBXBuildFile; fileRef = C95168F424A4C83600C78CE4 /* iDStadium1.gif */; };
		C9A9760A24A5DB7B0016CC1E /* review.png in Resources */ = {isa = PBXBuildFile; fileRef = C9A9760924A5DB7B0016CC1E /* review.png */; };
/* End PBXBuildFile section */

/* Begin PBXFileReference section */
		C9398A9024A1BE8D00C16056 /* iDStadium.app */ = {isa = PBXFileReference; explicitFileType = wrapper.application; includeInIndex = 0; path = iDStadium.app; sourceTree = BUILT_PRODUCTS_DIR; };
		C9398A9324A1BE8D00C16056 /* AppDelegate.swift */ = {isa = PBXFileReference; lastKnownFileType = sourcecode.swift; path = AppDelegate.swift; sourceTree = "<group>"; };
		C9398A9524A1BE8D00C16056 /* SceneDelegate.swift */ = {isa = PBXFileReference; lastKnownFileType = sourcecode.swift; path = SceneDelegate.swift; sourceTree = "<group>"; };
		C9398A9724A1BE8D00C16056 /* iDStadiumViewController.swift */ = {isa = PBXFileReference; lastKnownFileType = sourcecode.swift; path = iDStadiumViewController.swift; sourceTree = "<group>"; };
		C9398A9A24A1BE8D00C16056 /* Base */ = {isa = PBXFileReference; lastKnownFileType = file.storyboard; name = Base; path = Base.lproj/Main.storyboard; sourceTree = "<group>"; };
		C9398A9C24A1BE8E00C16056 /* Assets.xcassets */ = {isa = PBXFileReference; lastKnownFileType = folder.assetcatalog; path = Assets.xcassets; sourceTree = "<group>"; };
		C9398AA124A1BE8E00C16056 /* Info.plist */ = {isa = PBXFileReference; lastKnownFileType = text.plist.xml; path = Info.plist; sourceTree = "<group>"; };
		C95168E024A373C200C78CE4 /* StadiumDummy.swift */ = {isa = PBXFileReference; lastKnownFileType = sourcecode.swift; path = StadiumDummy.swift; sourceTree = "<group>"; };
		C95168E224A3812E00C78CE4 /* StadiumViewCell.swift */ = {isa = PBXFileReference; lastKnownFileType = sourcecode.swift; path = StadiumViewCell.swift; sourceTree = "<group>"; };
		C95168E324A3812E00C78CE4 /* StadiumViewCell.xib */ = {isa = PBXFileReference; lastKnownFileType = file.xib; path = StadiumViewCell.xib; sourceTree = "<group>"; };
		C95168EA24A3967500C78CE4 /* DetailiDStadiumViewController.swift */ = {isa = PBXFileReference; lastKnownFileType = sourcecode.swift; path = DetailiDStadiumViewController.swift; sourceTree = "<group>"; };
		C95168EB24A3967500C78CE4 /* DetailiDStadiumViewController.xib */ = {isa = PBXFileReference; lastKnownFileType = file.xib; path = DetailiDStadiumViewController.xib; sourceTree = "<group>"; };
		C95168EE24A4985F00C78CE4 /* ProfileViewController.swift */ = {isa = PBXFileReference; lastKnownFileType = sourcecode.swift; path = ProfileViewController.swift; sourceTree = "<group>"; };
		C95168EF24A4985F00C78CE4 /* ProfileViewController.xib */ = {isa = PBXFileReference; lastKnownFileType = file.xib; path = ProfileViewController.xib; sourceTree = "<group>"; };
		C95168F224A4C69900C78CE4 /* README.md */ = {isa = PBXFileReference; lastKnownFileType = net.daringfireball.markdown; path = README.md; sourceTree = "<group>"; };
		C95168F424A4C83600C78CE4 /* iDStadium1.gif */ = {isa = PBXFileReference; lastKnownFileType = image.gif; path = iDStadium1.gif; sourceTree = "<group>"; };
		C9A9760924A5DB7B0016CC1E /* review.png */ = {isa = PBXFileReference; lastKnownFileType = image.png; path = review.png; sourceTree = "<group>"; };
/* End PBXFileReference section */

/* Begin PBXFrameworksBuildPhase section */
		C9398A8D24A1BE8D00C16056 /* Frameworks */ = {
			isa = PBXFrameworksBuildPhase;
			buildActionMask = 2147483647;
			files = (
			);
			runOnlyForDeploymentPostprocessing = 0;
		};
/* End PBXFrameworksBuildPhase section */

/* Begin PBXGroup section */
		C9398A8724A1BE8D00C16056 = {
			isa = PBXGroup;
			children = (
				C9398A9224A1BE8D00C16056 /* iDStadium */,
				C9398A9124A1BE8D00C16056 /* Products */,
				C95168F424A4C83600C78CE4 /* iDStadium1.gif */,
				C95168F224A4C69900C78CE4 /* README.md */,
				C9A9760924A5DB7B0016CC1E /* review.png */,
			);
			sourceTree = "<group>";
		};
		C9398A9124A1BE8D00C16056 /* Products */ = {
			isa = PBXGroup;
			children = (
				C9398A9024A1BE8D00C16056 /* iDStadium.app */,
			);
			name = Products;
			sourceTree = "<group>";
		};
		C9398A9224A1BE8D00C16056 /* iDStadium */ = {
			isa = PBXGroup;
			children = (
				C95168DF24A36E8900C78CE4 /* controller */,
				C95168DE24A36E7A00C78CE4 /* view */,
				C95168DD24A36E6A00C78CE4 /* model */,
				C9398A9324A1BE8D00C16056 /* AppDelegate.swift */,
				C9398A9524A1BE8D00C16056 /* SceneDelegate.swift */,
				C9398A9C24A1BE8E00C16056 /* Assets.xcassets */,
				C9398AA124A1BE8E00C16056 /* Info.plist */,
			);
			path = iDStadium;
			sourceTree = "<group>";
		};
		C95168DD24A36E6A00C78CE4 /* model */ = {
			isa = PBXGroup;
			children = (
				C95168E024A373C200C78CE4 /* StadiumDummy.swift */,
			);
			path = model;
			sourceTree = "<group>";
		};
		C95168DE24A36E7A00C78CE4 /* view */ = {
			isa = PBXGroup;
			children = (
				C95168EF24A4985F00C78CE4 /* ProfileViewController.xib */,
				C95168EB24A3967500C78CE4 /* DetailiDStadiumViewController.xib */,
				C95168E324A3812E00C78CE4 /* StadiumViewCell.xib */,
				C9398A9924A1BE8D00C16056 /* Main.storyboard */,
			);
			path = view;
			sourceTree = "<group>";
		};
		C95168DF24A36E8900C78CE4 /* controller */ = {
			isa = PBXGroup;
			children = (
				C9398A9724A1BE8D00C16056 /* iDStadiumViewController.swift */,
				C95168E224A3812E00C78CE4 /* StadiumViewCell.swift */,
				C95168EA24A3967500C78CE4 /* DetailiDStadiumViewController.swift */,
				C95168EE24A4985F00C78CE4 /* ProfileViewController.swift */,
			);
			path = controller;
			sourceTree = "<group>";
		};
/* End PBXGroup section */

/* Begin PBXNativeTarget section */
		C9398A8F24A1BE8D00C16056 /* iDStadium */ = {
			isa = PBXNativeTarget;
			buildConfigurationList = C9398AA424A1BE8E00C16056 /* Build configuration list for PBXNativeTarget "iDStadium" */;
			buildPhases = (
				C9398A8C24A1BE8D00C16056 /* Sources */,
				C9398A8D24A1BE8D00C16056 /* Frameworks */,
				C9398A8E24A1BE8D00C16056 /* Resources */,
			);
			buildRules = (
			);
			dependencies = (
			);
			name = iDStadium;
			productName = iDStadium;
			productReference = C9398A9024A1BE8D00C16056 /* iDStadium.app */;
			productType = "com.apple.product-type.application";
		};
/* End PBXNativeTarget section */

/* Begin PBXProject section */
		C9398A8824A1BE8D00C16056 /* Project object */ = {
			isa = PBXProject;
			attributes = {
				LastSwiftUpdateCheck = 1150;
				LastUpgradeCheck = 1150;
				ORGANIZATIONNAME = "fnd labels";
				TargetAttributes = {
					C9398A8F24A1BE8D00C16056 = {
						CreatedOnToolsVersion = 11.5;
					};
				};
			};
			buildConfigurationList = C9398A8B24A1BE8D00C16056 /* Build configuration list for PBXProject "iDStadium" */;
			compatibilityVersion = "Xcode 9.3";
			developmentRegion = en;
			hasScannedForEncodings = 0;
			knownRegions = (
				en,
				Base,
			);
			mainGroup = C9398A8724A1BE8D00C16056;
			productRefGroup = C9398A9124A1BE8D00C16056 /* Products */;
			projectDirPath = "";
			projectRoot = "";
			targets = (
				C9398A8F24A1BE8D00C16056 /* iDStadium */,
			);
		};
/* End PBXProject section */

/* Begin PBXResourcesBuildPhase section */
		C9398A8E24A1BE8D00C16056 /* Resources */ = {
			isa = PBXResourcesBuildPhase;
			buildActionMask = 2147483647;
			files = (
				C95168F324A4C69900C78CE4 /* README.md in Resources */,
				C95168F124A4985F00C78CE4 /* ProfileViewController.xib in Resources */,
				C9398A9D24A1BE8E00C16056 /* Assets.xcassets in Resources */,
				C95168F524A4C83600C78CE4 /* iDStadium1.gif in Resources */,
				C95168E524A3812E00C78CE4 /* StadiumViewCell.xib in Resources */,
				C95168ED24A3967500C78CE4 /* DetailiDStadiumViewController.xib in Resources */,
				C9398A9B24A1BE8D00C16056 /* Main.storyboard in Resources */,
				C9A9760A24A5DB7B0016CC1E /* review.png in Resources */,
			);
			runOnlyForDeploymentPostprocessing = 0;
		};
/* End PBXResourcesBuildPhase section */

/* Begin PBXSourcesBuildPhase section */
		C9398A8C24A1BE8D00C16056 /* Sources */ = {
			isa = PBXSourcesBuildPhase;
			buildActionMask = 2147483647;
			files = (
				C95168E124A373C200C78CE4 /* StadiumDummy.swift in Sources */,
				C9398A9824A1BE8D00C16056 /* iDStadiumViewController.swift in Sources */,
				C95168E424A3812E00C78CE4 /* StadiumViewCell.swift in Sources */,
				C9398A9424A1BE8D00C16056 /* AppDelegate.swift in Sources */,
				C95168F024A4985F00C78CE4 /* ProfileViewController.swift in Sources */,
				C95168EC24A3967500C78CE4 /* DetailiDStadiumViewController.swift in Sources */,
				C9398A9624A1BE8D00C16056 /* SceneDelegate.swift in Sources */,
			);
			runOnlyForDeploymentPostprocessing = 0;
		};
/* End PBXSourcesBuildPhase section */

/* Begin PBXVariantGroup section */
		C9398A9924A1BE8D00C16056 /* Main.storyboard */ = {
			isa = PBXVariantGroup;
			children = (
				C9398A9A24A1BE8D00C16056 /* Base */,
			);
			name = Main.storyboard;
			sourceTree = "<group>";
		};
/* End PBXVariantGroup section */

/* Begin XCBuildConfiguration section */
		C9398AA224A1BE8E00C16056 /* Debug */ = {
			isa = XCBuildConfiguration;
			buildSettings = {
				ALWAYS_SEARCH_USER_PATHS = NO;
				CLANG_ANALYZER_NONNULL = YES;
				CLANG_ANALYZER_NUMBER_OBJECT_CONVERSION = YES_AGGRESSIVE;
				CLANG_CXX_LANGUAGE_STANDARD = "gnu++14";
				CLANG_CXX_LIBRARY = "libc++";
				CLANG_ENABLE_MODULES = YES;
				CLANG_ENABLE_OBJC_ARC = YES;
				CLANG_ENABLE_OBJC_WEAK = YES;
				CLANG_WARN_BLOCK_CAPTURE_AUTORELEASING = YES;
				CLANG_WARN_BOOL_CONVERSION = YES;
				CLANG_WARN_COMMA = YES;
				CLANG_WARN_CONSTANT_CONVERSION = YES;
				CLANG_WARN_DEPRECATED_OBJC_IMPLEMENTATIONS = YES;
				CLANG_WARN_DIRECT_OBJC_ISA_USAGE = YES_ERROR;
				CLANG_WARN_DOCUMENTATION_COMMENTS = YES;
				CLANG_WARN_EMPTY_BODY = YES;
				CLANG_WARN_ENUM_CONVERSION = YES;
				CLANG_WARN_INFINITE_RECURSION = YES;
				CLANG_WARN_INT_CONVERSION = YES;
				CLANG_WARN_NON_LITERAL_NULL_CONVERSION = YES;
				CLANG_WARN_OBJC_IMPLICIT_RETAIN_SELF = YES;
				CLANG_WARN_OBJC_LITERAL_CONVERSION = YES;
				CLANG_WARN_OBJC_ROOT_CLASS = YES_ERROR;
				CLANG_WARN_RANGE_LOOP_ANALYSIS = YES;
				CLANG_WARN_STRICT_PROTOTYPES = YES;
				CLANG_WARN_SUSPICIOUS_MOVE = YES;
				CLANG_WARN_UNGUARDED_AVAILABILITY = YES_AGGRESSIVE;
				CLANG_WARN_UNREACHABLE_CODE = YES;
				CLANG_WARN__DUPLICATE_METHOD_MATCH = YES;
				COPY_PHASE_STRIP = NO;
				DEBUG_INFORMATION_FORMAT = dwarf;
				ENABLE_STRICT_OBJC_MSGSEND = YES;
				ENABLE_TESTABILITY = YES;
				GCC_C_LANGUAGE_STANDARD = gnu11;
				GCC_DYNAMIC_NO_PIC = NO;
				GCC_NO_COMMON_BLOCKS = YES;
				GCC_OPTIMIZATION_LEVEL = 0;
				GCC_PREPROCESSOR_DEFINITIONS = (
					"DEBUG=1",
					"$(inherited)",
				);
				GCC_WARN_64_TO_32_BIT_CONVERSION = YES;
				GCC_WARN_ABOUT_RETURN_TYPE = YES_ERROR;
				GCC_WARN_UNDECLARED_SELECTOR = YES;
				GCC_WARN_UNINITIALIZED_AUTOS = YES_AGGRESSIVE;
				GCC_WARN_UNUSED_FUNCTION = YES;
				GCC_WARN_UNUSED_VARIABLE = YES;
				IPHONEOS_DEPLOYMENT_TARGET = 13.5;
				MTL_ENABLE_DEBUG_INFO = INCLUDE_SOURCE;
				MTL_FAST_MATH = YES;
				ONLY_ACTIVE_ARCH = YES;
				SDKROOT = iphoneos;
				SWIFT_ACTIVE_COMPILATION_CONDITIONS = DEBUG;
				SWIFT_OPTIMIZATION_LEVEL = "-Onone";
			};
			name = Debug;
		};
		C9398AA324A1BE8E00C16056 /* Release */ = {
			isa = XCBuildConfiguration;
			buildSettings = {
				ALWAYS_SEARCH_USER_PATHS = NO;
				CLANG_ANALYZER_NONNULL = YES;
				CLANG_ANALYZER_NUMBER_OBJECT_CONVERSION = YES_AGGRESSIVE;
				CLANG_CXX_LANGUAGE_STANDARD = "gnu++14";
				CLANG_CXX_LIBRARY = "libc++";
				CLANG_ENABLE_MODULES = YES;
				CLANG_ENABLE_OBJC_ARC = YES;
				CLANG_ENABLE_OBJC_WEAK = YES;
				CLANG_WARN_BLOCK_CAPTURE_AUTORELEASING = YES;
				CLANG_WARN_BOOL_CONVERSION = YES;
				CLANG_WARN_COMMA = YES;
				CLANG_WARN_CONSTANT_CONVERSION = YES;
				CLANG_WARN_DEPRECATED_OBJC_IMPLEMENTATIONS = YES;
				CLANG_WARN_DIRECT_OBJC_ISA_USAGE = YES_ERROR;
				CLANG_WARN_DOCUMENTATION_COMMENTS = YES;
				CLANG_WARN_EMPTY_BODY = YES;
				CLANG_WARN_ENUM_CONVERSION = YES;
				CLANG_WARN_INFINITE_RECURSION = YES;
				CLANG_WARN_INT_CONVERSION = YES;
				CLANG_WARN_NON_LITERAL_NULL_CONVERSION = YES;
				CLANG_WARN_OBJC_IMPLICIT_RETAIN_SELF = YES;
				CLANG_WARN_OBJC_LITERAL_CONVERSION = YES;
				CLANG_WARN_OBJC_ROOT_CLASS = YES_ERROR;
				CLANG_WARN_RANGE_LOOP_ANALYSIS = YES;
				CLANG_WARN_STRICT_PROTOTYPES = YES;
				CLANG_WARN_SUSPICIOUS_MOVE = YES;
				CLANG_WARN_UNGUARDED_AVAILABILITY = YES_AGGRESSIVE;
				CLANG_WARN_UNREACHABLE_CODE = YES;
				CLANG_WARN__DUPLICATE_METHOD_MATCH = YES;
				COPY_PHASE_STRIP = NO;
				DEBUG_INFORMATION_FORMAT = "dwarf-with-dsym";
				ENABLE_NS_ASSERTIONS = NO;
				ENABLE_STRICT_OBJC_MSGSEND = YES;
				GCC_C_LANGUAGE_STANDARD = gnu11;
				GCC_NO_COMMON_BLOCKS = YES;
				GCC_WARN_64_TO_32_BIT_CONVERSION = YES;
				GCC_WARN_ABOUT_RETURN_TYPE = YES_ERROR;
				GCC_WARN_UNDECLARED_SELECTOR = YES;
				GCC_WARN_UNINITIALIZED_AUTOS = YES_AGGRESSIVE;
				GCC_WARN_UNUSED_FUNCTION = YES;
				GCC_WARN_UNUSED_VARIABLE = YES;
				IPHONEOS_DEPLOYMENT_TARGET = 13.5;
				MTL_ENABLE_DEBUG_INFO = NO;
				MTL_FAST_MATH = YES;
				SDKROOT = iphoneos;
				SWIFT_COMPILATION_MODE = wholemodule;
				SWIFT_OPTIMIZATION_LEVEL = "-O";
				VALIDATE_PRODUCT = YES;
			};
			name = Release;
		};
		C9398AA524A1BE8E00C16056 /* Debug */ = {
			isa = XCBuildConfiguration;
			buildSettings = {
				ASSETCATALOG_COMPILER_APPICON_NAME = AppIcon;
				CODE_SIGN_STYLE = Automatic;
				DEVELOPMENT_TEAM = Z93LYRYL89;
				INFOPLIST_FILE = iDStadium/Info.plist;
				LD_RUNPATH_SEARCH_PATHS = (
					"$(inherited)",
					"@executable_path/Frameworks",
				);
				MARKETING_VERSION = 1.1;
				PRODUCT_BUNDLE_IDENTIFIER = com.rere.iDStadium;
				PRODUCT_NAME = "$(TARGET_NAME)";
				SWIFT_VERSION = 5.0;
				TARGETED_DEVICE_FAMILY = "1,2";
			};
			name = Debug;
		};
		C9398AA624A1BE8E00C16056 /* Release */ = {
			isa = XCBuildConfiguration;
			buildSettings = {
				ASSETCATALOG_COMPILER_APPICON_NAME = AppIcon;
				CODE_SIGN_STYLE = Automatic;
				DEVELOPMENT_TEAM = Z93LYRYL89;
				INFOPLIST_FILE = iDStadium/Info.plist;
				LD_RUNPATH_SEARCH_PATHS = (
					"$(inherited)",
					"@executable_path/Frameworks",
				);
				MARKETING_VERSION = 1.1;
				PRODUCT_BUNDLE_IDENTIFIER = com.rere.iDStadium;
				PRODUCT_NAME = "$(TARGET_NAME)";
				SWIFT_VERSION = 5.0;
				TARGETED_DEVICE_FAMILY = "1,2";
			};
			name = Release;
		};
/* End XCBuildConfiguration section */

/* Begin XCConfigurationList section */
		C9398A8B24A1BE8D00C16056 /* Build configuration list for PBXProject "iDStadium" */ = {
			isa = XCConfigurationList;
			buildConfigurations = (
				C9398AA224A1BE8E00C16056 /* Debug */,
				C9398AA324A1BE8E00C16056 /* Release */,
			);
			defaultConfigurationIsVisible = 0;
			defaultConfigurationName = Release;
		};
		C9398AA424A1BE8E00C16056 /* Build configuration list for PBXNativeTarget "iDStadium" */ = {
			isa = XCConfigurationList;
			buildConfigurations = (
				C9398AA524A1BE8E00C16056 /* Debug */,
				C9398AA624A1BE8E00C16056 /* Release */,
			);
			defaultConfigurationIsVisible = 0;
			defaultConfigurationName = Release;
		};
/* End XCConfigurationList section */
	};
	rootObject = C9398A8824A1BE8D00C16056 /* Project object */;
}
